
Microsoft Visual Studio Solution File, Format Version 12.00
# Visual Studio Version 16
VisualStudioVersion = 16.0.30717.126
MinimumVisualStudioVersion = 10.0.40219.1
Project("{FAE04EC0-301F-11D3-BF4B-00C04F79EFBC}") = "CommitTemplateExtension", "CommitTemplateExtension.csproj", "{3B11FF04-3C6C-4840-B6BB-665F26DACF63}"
EndProject
Global
	GlobalSection(SolutionConfigurationPlatforms) = preSolution
		Debug|Any CPU = Debug|Any CPU
		Release|Any CPU = Release|Any CPU
	EndGlobalSection
	GlobalSection(ProjectConfigurationPlatforms) = postSolution
		{3B11FF04-3C6C-4840-B6BB-665F26DACF63}.Debug|Any CPU.ActiveCfg = Debug|Any CPU
		{3B11FF04-3C6C-4840-B6BB-665F26DACF63}.Debug|Any CPU.Build.0 = Debug|Any CPU
		{3B11FF04-3C6C-4840-B6BB-665F26DACF63}.Release|Any CPU.ActiveCfg = Release|Any CPU
		{3B11FF04-3C6C-4840-B6BB-665F26DACF63}.Release|Any CPU.Build.0 = Release|Any CPU
	EndGlobalSection
	GlobalSection(SolutionProperties) = preSolution
		HideSolutionNode = FALSE
	EndGlobalSection
	GlobalSection(ExtensibilityGlobals) = postSolution
		SolutionGuid = {E3CE9CEF-1817-4F99-B10B-C0D77C2E441F}
	EndGlobalSection
EndGlobal
